{
  "requires": true,
  "lockfileVersion": 1,
  "dependencies": {
    "docker-compose": {
      "version": "0.23.2",
      "resolved": "https://registry.npmjs.org/docker-compose/-/docker-compose-0.23.2.tgz",
      "integrity": "sha512-ERapDQEaq7vuPBoH4olEn8Jv56JTmJAZhTEhrKfskBdRlRHAXqdW87oSAjCT0GxZQbKgMBUVrp8Jtufsfu4QHA==",
      "dev": true
    }
  }
}
